
Microsoft Visual Studio Solution File, Format Version 12.00
# Visual Studio 2012
VisualStudioVersion = 12.0.30501.0
MinimumVisualStudioVersion = 10.0.40219.1
Project("{FAE04EC0-301F-11D3-BF4B-00C04F79EFBC}") = "PokerHand.Models.Tests", "Tests\PokerHand.Models.Tests.csproj", "{11BD84FB-7072-4332-92BF-D3F9903D918E}"
EndProject
Project("{FAE04EC0-301F-11D3-BF4B-00C04F79EFBC}") = "PokerHand.Models", "Models\PokerHand.Models.csproj", "{291681B8-8E39-4CAF-B089-849DA5E65CB0}"
EndProject
Project("{FAE04EC0-301F-11D3-BF4B-00C04F79EFBC}") = "PokerHand.Console", "Console\PokerHand.Console.csproj", "{C249F790-09F1-4314-A270-13236C14D76B}"
EndProject
Project("{2150E333-8FDC-42A3-9474-1A3956D46DE8}") = ".build", ".build", "{383B12CD-FD30-480D-9397-969850B22A90}"
	ProjectSection(SolutionItems) = preProject
		Build.proj = Build.proj
		.build\MSBuild.Community.Tasks.dll = .build\MSBuild.Community.Tasks.dll
		.build\MSBuild.Community.Tasks.targets = .build\MSBuild.Community.Tasks.targets
	EndProjectSection
EndProject
Project("{FAE04EC0-301F-11D3-BF4B-00C04F79EFBC}") = "PokerHand.Console.Tests", "PokerHand.Console.Tests\PokerHand.Console.Tests.csproj", "{77CF5BD2-6369-4738-89A3-BB48FEE15272}"
EndProject
Global
	GlobalSection(SolutionConfigurationPlatforms) = preSolution
		Debug|Any CPU = Debug|Any CPU
		Release|Any CPU = Release|Any CPU
	EndGlobalSection
	GlobalSection(ProjectConfigurationPlatforms) = postSolution
		{11BD84FB-7072-4332-92BF-D3F9903D918E}.Debug|Any CPU.ActiveCfg = Debug|Any CPU
		{11BD84FB-7072-4332-92BF-D3F9903D918E}.Debug|Any CPU.Build.0 = Debug|Any CPU
		{291681B8-8E39-4CAF-B089-849DA5E65CB0}.Debug|Any CPU.ActiveCfg = Debug|Any CPU
		{291681B8-8E39-4CAF-B089-849DA5E65CB0}.Debug|Any CPU.Build.0 = Debug|Any CPU
		{291681B8-8E39-4CAF-B089-849DA5E65CB0}.Release|Any CPU.ActiveCfg = Release|Any CPU
		{291681B8-8E39-4CAF-B089-849DA5E65CB0}.Release|Any CPU.Build.0 = Release|Any CPU
		{77CF5BD2-6369-4738-89A3-BB48FEE15272}.Debug|Any CPU.ActiveCfg = Debug|Any CPU
		{77CF5BD2-6369-4738-89A3-BB48FEE15272}.Debug|Any CPU.Build.0 = Debug|Any CPU
		{C249F790-09F1-4314-A270-13236C14D76B}.Debug|Any CPU.ActiveCfg = Debug|Any CPU
		{C249F790-09F1-4314-A270-13236C14D76B}.Debug|Any CPU.Build.0 = Debug|Any CPU
		{C249F790-09F1-4314-A270-13236C14D76B}.Release|Any CPU.ActiveCfg = Release|Any CPU
		{C249F790-09F1-4314-A270-13236C14D76B}.Release|Any CPU.Build.0 = Release|Any CPU
	EndGlobalSection
	GlobalSection(NestedProjects) = preSolution
	EndGlobalSection
	GlobalSection(MonoDevelopProperties) = preSolution
		StartupItem = Console\PokerHand.Console.csproj
	EndGlobalSection
	GlobalSection(SolutionProperties) = preSolution
		HideSolutionNode = FALSE
	EndGlobalSection
EndGlobal
